
Microsoft Visual Studio Solution File, Format Version 12.00
# Visual Studio 15
VisualStudioVersion = 15.0.27130.2003
MinimumVisualStudioVersion = 10.0.40219.1
Project("{FAE04EC0-301F-11D3-BF4B-00C04F79EFBC}") = "HotelOffers", "HotelOffers\HotelOffers.csproj", "{1B58A62B-1A83-4901-87B0-4F1CD181B76A}"
EndProject
Project("{FAE04EC0-301F-11D3-BF4B-00C04F79EFBC}") = "HotelOffersBL", "HotelOffersBL\HotelOffersBL.csproj", "{1D3EBD7B-2A49-4BD8-8883-50CA211A74BA}"
EndProject
Project("{FAE04EC0-301F-11D3-BF4B-00C04F79EFBC}") = "HotelOffersSL", "HotelOffersSL\HotelOffersSL.csproj", "{85C45142-1738-4355-9D1E-BAFE85A58A5B}"
EndProject
Global
	GlobalSection(SolutionConfigurationPlatforms) = preSolution
		Debug|Any CPU = Debug|Any CPU
		Release|Any CPU = Release|Any CPU
	EndGlobalSection
	GlobalSection(ProjectConfigurationPlatforms) = postSolution
		{1B58A62B-1A83-4901-87B0-4F1CD181B76A}.Debug|Any CPU.ActiveCfg = Debug|Any CPU
		{1B58A62B-1A83-4901-87B0-4F1CD181B76A}.Debug|Any CPU.Build.0 = Debug|Any CPU
		{1B58A62B-1A83-4901-87B0-4F1CD181B76A}.Release|Any CPU.ActiveCfg = Release|Any CPU
		{1B58A62B-1A83-4901-87B0-4F1CD181B76A}.Release|Any CPU.Build.0 = Release|Any CPU
		{1D3EBD7B-2A49-4BD8-8883-50CA211A74BA}.Debug|Any CPU.ActiveCfg = Debug|Any CPU
		{1D3EBD7B-2A49-4BD8-8883-50CA211A74BA}.Debug|Any CPU.Build.0 = Debug|Any CPU
		{1D3EBD7B-2A49-4BD8-8883-50CA211A74BA}.Release|Any CPU.ActiveCfg = Release|Any CPU
		{1D3EBD7B-2A49-4BD8-8883-50CA211A74BA}.Release|Any CPU.Build.0 = Release|Any CPU
		{85C45142-1738-4355-9D1E-BAFE85A58A5B}.Debug|Any CPU.ActiveCfg = Debug|Any CPU
		{85C45142-1738-4355-9D1E-BAFE85A58A5B}.Debug|Any CPU.Build.0 = Debug|Any CPU
		{85C45142-1738-4355-9D1E-BAFE85A58A5B}.Release|Any CPU.ActiveCfg = Release|Any CPU
		{85C45142-1738-4355-9D1E-BAFE85A58A5B}.Release|Any CPU.Build.0 = Release|Any CPU
	EndGlobalSection
	GlobalSection(SolutionProperties) = preSolution
		HideSolutionNode = FALSE
	EndGlobalSection
	GlobalSection(ExtensibilityGlobals) = postSolution
		SolutionGuid = {03A98C1C-40BE-4CDD-86B3-79F238839254}
	EndGlobalSection
EndGlobal
